
Microsoft Visual Studio Solution File, Format Version 12.00
# Visual Studio Version 16
VisualStudioVersion = 16.0.31515.178
MinimumVisualStudioVersion = 10.0.40219.1
Project("{FAE04EC0-301F-11D3-BF4B-00C04F79EFBC}") = "Go2Go.Web", "Go2Go.Web\Go2Go.Web.csproj", "{DA15B07E-2764-4D2C-8C59-AE338361DB82}"
EndProject
Project("{FAE04EC0-301F-11D3-BF4B-00C04F79EFBC}") = "Go2Go.Model", "Go2Go.Model\Go2Go.Model.csproj", "{D46FC962-B593-4A45-A157-DA6571112709}"
EndProject
Project("{FAE04EC0-301F-11D3-BF4B-00C04F79EFBC}") = "Go2Go.Data", "Go2Go.Data\Go2Go.Data.csproj", "{93FAF95F-D420-4561-A4CD-2DDB649A0EB3}"
EndProject
Project("{FAE04EC0-301F-11D3-BF4B-00C04F79EFBC}") = "Go2Go.Core", "Go2Go.Core\Go2Go.Core.csproj", "{21199E0E-5D46-4C2B-AA58-CB4DDAC68C6F}"
EndProject
Project("{FAE04EC0-301F-11D3-BF4B-00C04F79EFBC}") = "Go2Go.Implementations", "Go2Go.Implementations\Go2Go.Implementations.csproj", "{17003DA9-C347-4BD2-A0CF-CFC6AE0D9F6A}"
EndProject
Global
	GlobalSection(SolutionConfigurationPlatforms) = preSolution
		Debug|Any CPU = Debug|Any CPU
		Release|Any CPU = Release|Any CPU
	EndGlobalSection
	GlobalSection(ProjectConfigurationPlatforms) = postSolution
		{DA15B07E-2764-4D2C-8C59-AE338361DB82}.Debug|Any CPU.ActiveCfg = Debug|Any CPU
		{DA15B07E-2764-4D2C-8C59-AE338361DB82}.Debug|Any CPU.Build.0 = Debug|Any CPU
		{DA15B07E-2764-4D2C-8C59-AE338361DB82}.Release|Any CPU.ActiveCfg = Release|Any CPU
		{DA15B07E-2764-4D2C-8C59-AE338361DB82}.Release|Any CPU.Build.0 = Release|Any CPU
		{D46FC962-B593-4A45-A157-DA6571112709}.Debug|Any CPU.ActiveCfg = Debug|Any CPU
		{D46FC962-B593-4A45-A157-DA6571112709}.Debug|Any CPU.Build.0 = Debug|Any CPU
		{D46FC962-B593-4A45-A157-DA6571112709}.Release|Any CPU.ActiveCfg = Release|Any CPU
		{D46FC962-B593-4A45-A157-DA6571112709}.Release|Any CPU.Build.0 = Release|Any CPU
		{93FAF95F-D420-4561-A4CD-2DDB649A0EB3}.Debug|Any CPU.ActiveCfg = Debug|Any CPU
		{93FAF95F-D420-4561-A4CD-2DDB649A0EB3}.Debug|Any CPU.Build.0 = Debug|Any CPU
		{93FAF95F-D420-4561-A4CD-2DDB649A0EB3}.Release|Any CPU.ActiveCfg = Release|Any CPU
		{93FAF95F-D420-4561-A4CD-2DDB649A0EB3}.Release|Any CPU.Build.0 = Release|Any CPU
		{21199E0E-5D46-4C2B-AA58-CB4DDAC68C6F}.Debug|Any CPU.ActiveCfg = Debug|Any CPU
		{21199E0E-5D46-4C2B-AA58-CB4DDAC68C6F}.Debug|Any CPU.Build.0 = Debug|Any CPU
		{21199E0E-5D46-4C2B-AA58-CB4DDAC68C6F}.Release|Any CPU.ActiveCfg = Release|Any CPU
		{21199E0E-5D46-4C2B-AA58-CB4DDAC68C6F}.Release|Any CPU.Build.0 = Release|Any CPU
		{17003DA9-C347-4BD2-A0CF-CFC6AE0D9F6A}.Debug|Any CPU.ActiveCfg = Debug|Any CPU
		{17003DA9-C347-4BD2-A0CF-CFC6AE0D9F6A}.Debug|Any CPU.Build.0 = Debug|Any CPU
		{17003DA9-C347-4BD2-A0CF-CFC6AE0D9F6A}.Release|Any CPU.ActiveCfg = Release|Any CPU
		{17003DA9-C347-4BD2-A0CF-CFC6AE0D9F6A}.Release|Any CPU.Build.0 = Release|Any CPU
	EndGlobalSection
	GlobalSection(SolutionProperties) = preSolution
		HideSolutionNode = FALSE
	EndGlobalSection
	GlobalSection(ExtensibilityGlobals) = postSolution
		SolutionGuid = {61543D45-8827-4B56-AB04-21A0E487A1C8}
	EndGlobalSection
EndGlobal
